
Microsoft Visual Studio Solution File, Format Version 12.00
# Visual Studio Version 17
VisualStudioVersion = 17.9.34622.214
MinimumVisualStudioVersion = 10.0.40219.1
Project("{8BC9CEB8-8B4A-11D0-8D11-00A0C91BC942}") = "cout와 cin", "cout와 cin\cout와 cin.vcxproj", "{466B3CB0-12B0-4584-AA67-914E4C51C9BE}"
EndProject
Global
	GlobalSection(SolutionConfigurationPlatforms) = preSolution
		Debug|x64 = Debug|x64
		Debug|x86 = Debug|x86
		Release|x64 = Release|x64
		Release|x86 = Release|x86
	EndGlobalSection
	GlobalSection(ProjectConfigurationPlatforms) = postSolution
		{466B3CB0-12B0-4584-AA67-914E4C51C9BE}.Debug|x64.ActiveCfg = Debug|x64
		{466B3CB0-12B0-4584-AA67-914E4C51C9BE}.Debug|x64.Build.0 = Debug|x64
		{466B3CB0-12B0-4584-AA67-914E4C51C9BE}.Debug|x86.ActiveCfg = Debug|Win32
		{466B3CB0-12B0-4584-AA67-914E4C51C9BE}.Debug|x86.Build.0 = Debug|Win32
		{466B3CB0-12B0-4584-AA67-914E4C51C9BE}.Release|x64.ActiveCfg = Release|x64
		{466B3CB0-12B0-4584-AA67-914E4C51C9BE}.Release|x64.Build.0 = Release|x64
		{466B3CB0-12B0-4584-AA67-914E4C51C9BE}.Release|x86.ActiveCfg = Release|Win32
		{466B3CB0-12B0-4584-AA67-914E4C51C9BE}.Release|x86.Build.0 = Release|Win32
	EndGlobalSection
	GlobalSection(SolutionProperties) = preSolution
		HideSolutionNode = FALSE
	EndGlobalSection
	GlobalSection(ExtensibilityGlobals) = postSolution
		SolutionGuid = {32E413FE-D3C4-46D8-934D-45D9AC42B184}
	EndGlobalSection
EndGlobal
